
Microsoft Visual Studio Solution File, Format Version 12.00
# Visual Studio Version 16
VisualStudioVersion = 16.0.31410.357
MinimumVisualStudioVersion = 10.0.40219.1
Project("{FAE04EC0-301F-11D3-BF4B-00C04F79EFBC}") = "MinhaAppVS", "MinhaAppVS\MinhaAppVS.csproj", "{1181B4E3-69DE-48EB-8C96-75FAA0687105}"
EndProject
Global
	GlobalSection(SolutionConfigurationPlatforms) = preSolution
		Debug|Any CPU = Debug|Any CPU
		Release|Any CPU = Release|Any CPU
	EndGlobalSection
	GlobalSection(ProjectConfigurationPlatforms) = postSolution
		{1181B4E3-69DE-48EB-8C96-75FAA0687105}.Debug|Any CPU.ActiveCfg = Debug|Any CPU
		{1181B4E3-69DE-48EB-8C96-75FAA0687105}.Debug|Any CPU.Build.0 = Debug|Any CPU
		{1181B4E3-69DE-48EB-8C96-75FAA0687105}.Release|Any CPU.ActiveCfg = Release|Any CPU
		{1181B4E3-69DE-48EB-8C96-75FAA0687105}.Release|Any CPU.Build.0 = Release|Any CPU
	EndGlobalSection
	GlobalSection(SolutionProperties) = preSolution
		HideSolutionNode = FALSE
	EndGlobalSection
	GlobalSection(ExtensibilityGlobals) = postSolution
		SolutionGuid = {12D29990-3AF6-424D-BF8D-C0A0FB106179}
	EndGlobalSection
EndGlobal
